
Microsoft Visual Studio Solution File, Format Version 12.00
# Visual Studio Version 17
VisualStudioVersion = 17.5.33627.172
MinimumVisualStudioVersion = 10.0.40219.1
Project("{FAE04EC0-301F-11D3-BF4B-00C04F79EFBC}") = "EsempioWebApp", "EsempioWebApp\EsempioWebApp.csproj", "{804E0AF7-59EF-4074-A434-3E8104C59909}"
EndProject
Global
	GlobalSection(SolutionConfigurationPlatforms) = preSolution
		Debug|Any CPU = Debug|Any CPU
		Release|Any CPU = Release|Any CPU
	EndGlobalSection
	GlobalSection(ProjectConfigurationPlatforms) = postSolution
		{804E0AF7-59EF-4074-A434-3E8104C59909}.Debug|Any CPU.ActiveCfg = Debug|Any CPU
		{804E0AF7-59EF-4074-A434-3E8104C59909}.Debug|Any CPU.Build.0 = Debug|Any CPU
		{804E0AF7-59EF-4074-A434-3E8104C59909}.Release|Any CPU.ActiveCfg = Release|Any CPU
		{804E0AF7-59EF-4074-A434-3E8104C59909}.Release|Any CPU.Build.0 = Release|Any CPU
	EndGlobalSection
	GlobalSection(SolutionProperties) = preSolution
		HideSolutionNode = FALSE
	EndGlobalSection
	GlobalSection(ExtensibilityGlobals) = postSolution
		SolutionGuid = {1C9928FF-262D-4BE8-A0C6-121F5312C504}
	EndGlobalSection
EndGlobal
